
Microsoft Visual Studio Solution File, Format Version 12.00
# Visual Studio 15
VisualStudioVersion = 15.0.28307.136
MinimumVisualStudioVersion = 10.0.40219.1
Project("{FAE04EC0-301F-11D3-BF4B-00C04F79EFBC}") = "01-Merge-Sort", "01-Merge-Sort\01-Merge-Sort.csproj", "{9B59E90C-45F6-4D5E-B777-F1F51C269F74}"
EndProject
Project("{FAE04EC0-301F-11D3-BF4B-00C04F79EFBC}") = "03-Binary-Search", "03-Binary-Search\03-Binary-Search.csproj", "{B054ED88-9586-4330-AC47-DD201B0DBCFF}"
EndProject
Global
	GlobalSection(SolutionConfigurationPlatforms) = preSolution
		Debug|Any CPU = Debug|Any CPU
		Release|Any CPU = Release|Any CPU
	EndGlobalSection
	GlobalSection(ProjectConfigurationPlatforms) = postSolution
		{9B59E90C-45F6-4D5E-B777-F1F51C269F74}.Debug|Any CPU.ActiveCfg = Debug|Any CPU
		{9B59E90C-45F6-4D5E-B777-F1F51C269F74}.Debug|Any CPU.Build.0 = Debug|Any CPU
		{9B59E90C-45F6-4D5E-B777-F1F51C269F74}.Release|Any CPU.ActiveCfg = Release|Any CPU
		{9B59E90C-45F6-4D5E-B777-F1F51C269F74}.Release|Any CPU.Build.0 = Release|Any CPU
		{B054ED88-9586-4330-AC47-DD201B0DBCFF}.Debug|Any CPU.ActiveCfg = Debug|Any CPU
		{B054ED88-9586-4330-AC47-DD201B0DBCFF}.Debug|Any CPU.Build.0 = Debug|Any CPU
		{B054ED88-9586-4330-AC47-DD201B0DBCFF}.Release|Any CPU.ActiveCfg = Release|Any CPU
		{B054ED88-9586-4330-AC47-DD201B0DBCFF}.Release|Any CPU.Build.0 = Release|Any CPU
	EndGlobalSection
	GlobalSection(SolutionProperties) = preSolution
		HideSolutionNode = FALSE
	EndGlobalSection
	GlobalSection(ExtensibilityGlobals) = postSolution
		SolutionGuid = {2CD7EBAC-FF98-4566-8EE5-9C99B8ABEEE8}
	EndGlobalSection
EndGlobal
