
Microsoft Visual Studio Solution File, Format Version 12.00
# Visual Studio 15
VisualStudioVersion = 15.0.28307.489
MinimumVisualStudioVersion = 10.0.40219.1
Project("{FAE04EC0-301F-11D3-BF4B-00C04F79EFBC}") = "01-Stars In Cube", "01-Stars In Cube\01-Stars In Cube.csproj", "{B080911A-885D-4FA1-9724-92BE4D061BB2}"
EndProject
Project("{FAE04EC0-301F-11D3-BF4B-00C04F79EFBC}") = "02-Guitar", "02-Guitar\02-Guitar.csproj", "{A28CDE85-FBC6-4FF6-A9D2-6CCEC518CD10}"
EndProject
Project("{FAE04EC0-301F-11D3-BF4B-00C04F79EFBC}") = "03-Shortest Path", "03-Shortest Path\03-Shortest Path.csproj", "{ECA9360F-9DC3-4AED-B52C-0E99111D016A}"
EndProject
Global
	GlobalSection(SolutionConfigurationPlatforms) = preSolution
		Debug|Any CPU = Debug|Any CPU
		Release|Any CPU = Release|Any CPU
	EndGlobalSection
	GlobalSection(ProjectConfigurationPlatforms) = postSolution
		{B080911A-885D-4FA1-9724-92BE4D061BB2}.Debug|Any CPU.ActiveCfg = Debug|Any CPU
		{B080911A-885D-4FA1-9724-92BE4D061BB2}.Debug|Any CPU.Build.0 = Debug|Any CPU
		{B080911A-885D-4FA1-9724-92BE4D061BB2}.Release|Any CPU.ActiveCfg = Release|Any CPU
		{B080911A-885D-4FA1-9724-92BE4D061BB2}.Release|Any CPU.Build.0 = Release|Any CPU
		{A28CDE85-FBC6-4FF6-A9D2-6CCEC518CD10}.Debug|Any CPU.ActiveCfg = Debug|Any CPU
		{A28CDE85-FBC6-4FF6-A9D2-6CCEC518CD10}.Debug|Any CPU.Build.0 = Debug|Any CPU
		{A28CDE85-FBC6-4FF6-A9D2-6CCEC518CD10}.Release|Any CPU.ActiveCfg = Release|Any CPU
		{A28CDE85-FBC6-4FF6-A9D2-6CCEC518CD10}.Release|Any CPU.Build.0 = Release|Any CPU
		{ECA9360F-9DC3-4AED-B52C-0E99111D016A}.Debug|Any CPU.ActiveCfg = Debug|Any CPU
		{ECA9360F-9DC3-4AED-B52C-0E99111D016A}.Debug|Any CPU.Build.0 = Debug|Any CPU
		{ECA9360F-9DC3-4AED-B52C-0E99111D016A}.Release|Any CPU.ActiveCfg = Release|Any CPU
		{ECA9360F-9DC3-4AED-B52C-0E99111D016A}.Release|Any CPU.Build.0 = Release|Any CPU
	EndGlobalSection
	GlobalSection(SolutionProperties) = preSolution
		HideSolutionNode = FALSE
	EndGlobalSection
	GlobalSection(ExtensibilityGlobals) = postSolution
		SolutionGuid = {52F745E7-C188-451A-940F-862420D65917}
	EndGlobalSection
EndGlobal
