
Microsoft Visual Studio Solution File, Format Version 12.00
# Visual Studio 15
VisualStudioVersion = 15.0.28307.489
MinimumVisualStudioVersion = 10.0.40219.1
Project("{FAE04EC0-301F-11D3-BF4B-00C04F79EFBC}") = "01-Distance-Between-Verticles", "01-Distance-Between-Verticles\01-Distance-Between-Verticles.csproj", "{64D5722F-1AFC-426F-B0AF-5C0145502243}"
EndProject
Project("{FAE04EC0-301F-11D3-BF4B-00C04F79EFBC}") = "02-Areas-In-Matrix", "02-Areas-In-Matrix\02-Areas-In-Matrix.csproj", "{ABB6EF87-E4A1-4CD8-8F79-1A274AB2F5D1}"
EndProject
Project("{FAE04EC0-301F-11D3-BF4B-00C04F79EFBC}") = "03-Cycles-In-Graph", "03-Cycles-In-Graph\03-Cycles-In-Graph.csproj", "{B6EC7FF4-A0C8-4F58-B1E1-13D09093096C}"
EndProject
Project("{FAE04EC0-301F-11D3-BF4B-00C04F79EFBC}") = "04-Salaries", "04-Salaries\04-Salaries.csproj", "{D5B7B392-4478-4CE3-8419-24BE8B424D46}"
EndProject
Project("{FAE04EC0-301F-11D3-BF4B-00C04F79EFBC}") = "05-Break-Cycles", "05-Break-Cycles\05-Break-Cycles.csproj", "{C67F775D-3310-407B-8BD5-6D24ACC6DC94}"
EndProject
Global
	GlobalSection(SolutionConfigurationPlatforms) = preSolution
		Debug|Any CPU = Debug|Any CPU
		Release|Any CPU = Release|Any CPU
	EndGlobalSection
	GlobalSection(ProjectConfigurationPlatforms) = postSolution
		{64D5722F-1AFC-426F-B0AF-5C0145502243}.Debug|Any CPU.ActiveCfg = Debug|Any CPU
		{64D5722F-1AFC-426F-B0AF-5C0145502243}.Debug|Any CPU.Build.0 = Debug|Any CPU
		{64D5722F-1AFC-426F-B0AF-5C0145502243}.Release|Any CPU.ActiveCfg = Release|Any CPU
		{64D5722F-1AFC-426F-B0AF-5C0145502243}.Release|Any CPU.Build.0 = Release|Any CPU
		{ABB6EF87-E4A1-4CD8-8F79-1A274AB2F5D1}.Debug|Any CPU.ActiveCfg = Debug|Any CPU
		{ABB6EF87-E4A1-4CD8-8F79-1A274AB2F5D1}.Debug|Any CPU.Build.0 = Debug|Any CPU
		{ABB6EF87-E4A1-4CD8-8F79-1A274AB2F5D1}.Release|Any CPU.ActiveCfg = Release|Any CPU
		{ABB6EF87-E4A1-4CD8-8F79-1A274AB2F5D1}.Release|Any CPU.Build.0 = Release|Any CPU
		{B6EC7FF4-A0C8-4F58-B1E1-13D09093096C}.Debug|Any CPU.ActiveCfg = Debug|Any CPU
		{B6EC7FF4-A0C8-4F58-B1E1-13D09093096C}.Debug|Any CPU.Build.0 = Debug|Any CPU
		{B6EC7FF4-A0C8-4F58-B1E1-13D09093096C}.Release|Any CPU.ActiveCfg = Release|Any CPU
		{B6EC7FF4-A0C8-4F58-B1E1-13D09093096C}.Release|Any CPU.Build.0 = Release|Any CPU
		{D5B7B392-4478-4CE3-8419-24BE8B424D46}.Debug|Any CPU.ActiveCfg = Debug|Any CPU
		{D5B7B392-4478-4CE3-8419-24BE8B424D46}.Debug|Any CPU.Build.0 = Debug|Any CPU
		{D5B7B392-4478-4CE3-8419-24BE8B424D46}.Release|Any CPU.ActiveCfg = Release|Any CPU
		{D5B7B392-4478-4CE3-8419-24BE8B424D46}.Release|Any CPU.Build.0 = Release|Any CPU
		{C67F775D-3310-407B-8BD5-6D24ACC6DC94}.Debug|Any CPU.ActiveCfg = Debug|Any CPU
		{C67F775D-3310-407B-8BD5-6D24ACC6DC94}.Debug|Any CPU.Build.0 = Debug|Any CPU
		{C67F775D-3310-407B-8BD5-6D24ACC6DC94}.Release|Any CPU.ActiveCfg = Release|Any CPU
		{C67F775D-3310-407B-8BD5-6D24ACC6DC94}.Release|Any CPU.Build.0 = Release|Any CPU
	EndGlobalSection
	GlobalSection(SolutionProperties) = preSolution
		HideSolutionNode = FALSE
	EndGlobalSection
	GlobalSection(ExtensibilityGlobals) = postSolution
		SolutionGuid = {B93A660A-0327-4910-8AAF-41BD08F12282}
	EndGlobalSection
EndGlobal
