
Microsoft Visual Studio Solution File, Format Version 12.00
# Visual Studio 15
VisualStudioVersion = 15.0.28307.489
MinimumVisualStudioVersion = 10.0.40219.1
Project("{FAE04EC0-301F-11D3-BF4B-00C04F79EFBC}") = "01-Shortest-Path-In-Matrix", "01-Shortest-Path-In-Matrix\01-Shortest-Path-In-Matrix.csproj", "{BE057A1C-C88D-4133-A643-E1B8CD2A1476}"
EndProject
Project("{FAE04EC0-301F-11D3-BF4B-00C04F79EFBC}") = "02-Rectangle-Intersection", "02-Rectangle-Intersection\02-Rectangle-Intersection.csproj", "{6FB0FC80-E4CC-4EEF-8A64-CD7BB7E4FB8D}"
EndProject
Global
	GlobalSection(SolutionConfigurationPlatforms) = preSolution
		Debug|Any CPU = Debug|Any CPU
		Release|Any CPU = Release|Any CPU
	EndGlobalSection
	GlobalSection(ProjectConfigurationPlatforms) = postSolution
		{BE057A1C-C88D-4133-A643-E1B8CD2A1476}.Debug|Any CPU.ActiveCfg = Debug|Any CPU
		{BE057A1C-C88D-4133-A643-E1B8CD2A1476}.Debug|Any CPU.Build.0 = Debug|Any CPU
		{BE057A1C-C88D-4133-A643-E1B8CD2A1476}.Release|Any CPU.ActiveCfg = Release|Any CPU
		{BE057A1C-C88D-4133-A643-E1B8CD2A1476}.Release|Any CPU.Build.0 = Release|Any CPU
		{6FB0FC80-E4CC-4EEF-8A64-CD7BB7E4FB8D}.Debug|Any CPU.ActiveCfg = Debug|Any CPU
		{6FB0FC80-E4CC-4EEF-8A64-CD7BB7E4FB8D}.Debug|Any CPU.Build.0 = Debug|Any CPU
		{6FB0FC80-E4CC-4EEF-8A64-CD7BB7E4FB8D}.Release|Any CPU.ActiveCfg = Release|Any CPU
		{6FB0FC80-E4CC-4EEF-8A64-CD7BB7E4FB8D}.Release|Any CPU.Build.0 = Release|Any CPU
	EndGlobalSection
	GlobalSection(SolutionProperties) = preSolution
		HideSolutionNode = FALSE
	EndGlobalSection
	GlobalSection(ExtensibilityGlobals) = postSolution
		SolutionGuid = {343B3DCE-12C6-495B-9EA4-D8190DCEF57C}
	EndGlobalSection
EndGlobal
