
Microsoft Visual Studio Solution File, Format Version 12.00
# Visual Studio 15
VisualStudioVersion = 15.0.28307.136
MinimumVisualStudioVersion = 10.0.40219.1
Project("{FAE04EC0-301F-11D3-BF4B-00C04F79EFBC}") = "01-Permutations-Without-Repetitions", "01-Permutations-Without-Repetitions\01-Permutations-Without-Repetitions.csproj", "{D9F8B523-41A7-42F6-927E-CBAC554F2F8D}"
EndProject
Project("{FAE04EC0-301F-11D3-BF4B-00C04F79EFBC}") = "02-Permutations-With-Repetitions", "02-Permutations-With-Repetitions\02-Permutations-With-Repetitions.csproj", "{A2D0C07C-8E6A-4436-AA60-D227545A7CD5}"
EndProject
Project("{FAE04EC0-301F-11D3-BF4B-00C04F79EFBC}") = "03-Variations-Without-Repetitions", "03-Variations-Without-Repetitions\03-Variations-Without-Repetitions.csproj", "{0D3AFF17-B4D4-4468-8D3B-8272990BBFA4}"
EndProject
Project("{FAE04EC0-301F-11D3-BF4B-00C04F79EFBC}") = "04-Variations-With-Repetitions", "04-Variations-With-Repetitions\04-Variations-With-Repetitions.csproj", "{331C910F-772A-415B-801C-705FB9191DFD}"
EndProject
Project("{FAE04EC0-301F-11D3-BF4B-00C04F79EFBC}") = "05-Combinations-Without-Repetitions", "05-Combinations-Without-Repetitions\05-Combinations-Without-Repetitions.csproj", "{FD08E45B-6A22-4E41-8A83-F1A12F144B4C}"
EndProject
Project("{FAE04EC0-301F-11D3-BF4B-00C04F79EFBC}") = "06-Combinations-With-Repetitions", "06-Combinations-With-Repetitions\06-Combinations-With-Repetitions.csproj", "{66E5E156-57EC-4EDF-94FC-B3FE3ED696DA}"
EndProject
Project("{FAE04EC0-301F-11D3-BF4B-00C04F79EFBC}") = "07-N-choose-K-count", "07-N-choose-K-count\07-N-choose-K-count.csproj", "{002165DE-FEEB-420B-98E2-541915E6516A}"
EndProject
Global
	GlobalSection(SolutionConfigurationPlatforms) = preSolution
		Debug|Any CPU = Debug|Any CPU
		Release|Any CPU = Release|Any CPU
	EndGlobalSection
	GlobalSection(ProjectConfigurationPlatforms) = postSolution
		{D9F8B523-41A7-42F6-927E-CBAC554F2F8D}.Debug|Any CPU.ActiveCfg = Debug|Any CPU
		{D9F8B523-41A7-42F6-927E-CBAC554F2F8D}.Debug|Any CPU.Build.0 = Debug|Any CPU
		{D9F8B523-41A7-42F6-927E-CBAC554F2F8D}.Release|Any CPU.ActiveCfg = Release|Any CPU
		{D9F8B523-41A7-42F6-927E-CBAC554F2F8D}.Release|Any CPU.Build.0 = Release|Any CPU
		{A2D0C07C-8E6A-4436-AA60-D227545A7CD5}.Debug|Any CPU.ActiveCfg = Debug|Any CPU
		{A2D0C07C-8E6A-4436-AA60-D227545A7CD5}.Debug|Any CPU.Build.0 = Debug|Any CPU
		{A2D0C07C-8E6A-4436-AA60-D227545A7CD5}.Release|Any CPU.ActiveCfg = Release|Any CPU
		{A2D0C07C-8E6A-4436-AA60-D227545A7CD5}.Release|Any CPU.Build.0 = Release|Any CPU
		{0D3AFF17-B4D4-4468-8D3B-8272990BBFA4}.Debug|Any CPU.ActiveCfg = Debug|Any CPU
		{0D3AFF17-B4D4-4468-8D3B-8272990BBFA4}.Debug|Any CPU.Build.0 = Debug|Any CPU
		{0D3AFF17-B4D4-4468-8D3B-8272990BBFA4}.Release|Any CPU.ActiveCfg = Release|Any CPU
		{0D3AFF17-B4D4-4468-8D3B-8272990BBFA4}.Release|Any CPU.Build.0 = Release|Any CPU
		{331C910F-772A-415B-801C-705FB9191DFD}.Debug|Any CPU.ActiveCfg = Debug|Any CPU
		{331C910F-772A-415B-801C-705FB9191DFD}.Debug|Any CPU.Build.0 = Debug|Any CPU
		{331C910F-772A-415B-801C-705FB9191DFD}.Release|Any CPU.ActiveCfg = Release|Any CPU
		{331C910F-772A-415B-801C-705FB9191DFD}.Release|Any CPU.Build.0 = Release|Any CPU
		{FD08E45B-6A22-4E41-8A83-F1A12F144B4C}.Debug|Any CPU.ActiveCfg = Debug|Any CPU
		{FD08E45B-6A22-4E41-8A83-F1A12F144B4C}.Debug|Any CPU.Build.0 = Debug|Any CPU
		{FD08E45B-6A22-4E41-8A83-F1A12F144B4C}.Release|Any CPU.ActiveCfg = Release|Any CPU
		{FD08E45B-6A22-4E41-8A83-F1A12F144B4C}.Release|Any CPU.Build.0 = Release|Any CPU
		{66E5E156-57EC-4EDF-94FC-B3FE3ED696DA}.Debug|Any CPU.ActiveCfg = Debug|Any CPU
		{66E5E156-57EC-4EDF-94FC-B3FE3ED696DA}.Debug|Any CPU.Build.0 = Debug|Any CPU
		{66E5E156-57EC-4EDF-94FC-B3FE3ED696DA}.Release|Any CPU.ActiveCfg = Release|Any CPU
		{66E5E156-57EC-4EDF-94FC-B3FE3ED696DA}.Release|Any CPU.Build.0 = Release|Any CPU
		{002165DE-FEEB-420B-98E2-541915E6516A}.Debug|Any CPU.ActiveCfg = Debug|Any CPU
		{002165DE-FEEB-420B-98E2-541915E6516A}.Debug|Any CPU.Build.0 = Debug|Any CPU
		{002165DE-FEEB-420B-98E2-541915E6516A}.Release|Any CPU.ActiveCfg = Release|Any CPU
		{002165DE-FEEB-420B-98E2-541915E6516A}.Release|Any CPU.Build.0 = Release|Any CPU
	EndGlobalSection
	GlobalSection(SolutionProperties) = preSolution
		HideSolutionNode = FALSE
	EndGlobalSection
	GlobalSection(ExtensibilityGlobals) = postSolution
		SolutionGuid = {9995C54B-2803-4110-A447-95A317A2D942}
	EndGlobalSection
EndGlobal
