
Microsoft Visual Studio Solution File, Format Version 12.00
# Visual Studio 15
VisualStudioVersion = 15.0.28307.489
MinimumVisualStudioVersion = 10.0.40219.1
Project("{FAE04EC0-301F-11D3-BF4B-00C04F79EFBC}") = "01-Dynamic Programming", "01-Dynamic Programming\01-Dynamic Programming.csproj", "{3B4A1E08-5089-4633-8F6B-E225BC7EA28A}"
EndProject
Project("{FAE04EC0-301F-11D3-BF4B-00C04F79EFBC}") = "02-Graph", "02-Graph\02-Graph.csproj", "{1744B7F4-E504-46D8-96D9-698A7D6F4F24}"
EndProject
Project("{FAE04EC0-301F-11D3-BF4B-00C04F79EFBC}") = "03-Greedy", "03-Greedy\03-Greedy.csproj", "{ED3874D5-596B-481F-8466-584C56AB5BE2}"
EndProject
Project("{FAE04EC0-301F-11D3-BF4B-00C04F79EFBC}") = "04-Combinatorics", "04-Combinatorics\04-Combinatorics.csproj", "{5584FC7E-7875-4AB7-8137-48F23ACD2AAE}"
EndProject
Global
	GlobalSection(SolutionConfigurationPlatforms) = preSolution
		Debug|Any CPU = Debug|Any CPU
		Release|Any CPU = Release|Any CPU
	EndGlobalSection
	GlobalSection(ProjectConfigurationPlatforms) = postSolution
		{3B4A1E08-5089-4633-8F6B-E225BC7EA28A}.Debug|Any CPU.ActiveCfg = Debug|Any CPU
		{3B4A1E08-5089-4633-8F6B-E225BC7EA28A}.Debug|Any CPU.Build.0 = Debug|Any CPU
		{3B4A1E08-5089-4633-8F6B-E225BC7EA28A}.Release|Any CPU.ActiveCfg = Release|Any CPU
		{3B4A1E08-5089-4633-8F6B-E225BC7EA28A}.Release|Any CPU.Build.0 = Release|Any CPU
		{1744B7F4-E504-46D8-96D9-698A7D6F4F24}.Debug|Any CPU.ActiveCfg = Debug|Any CPU
		{1744B7F4-E504-46D8-96D9-698A7D6F4F24}.Debug|Any CPU.Build.0 = Debug|Any CPU
		{1744B7F4-E504-46D8-96D9-698A7D6F4F24}.Release|Any CPU.ActiveCfg = Release|Any CPU
		{1744B7F4-E504-46D8-96D9-698A7D6F4F24}.Release|Any CPU.Build.0 = Release|Any CPU
		{ED3874D5-596B-481F-8466-584C56AB5BE2}.Debug|Any CPU.ActiveCfg = Debug|Any CPU
		{ED3874D5-596B-481F-8466-584C56AB5BE2}.Debug|Any CPU.Build.0 = Debug|Any CPU
		{ED3874D5-596B-481F-8466-584C56AB5BE2}.Release|Any CPU.ActiveCfg = Release|Any CPU
		{ED3874D5-596B-481F-8466-584C56AB5BE2}.Release|Any CPU.Build.0 = Release|Any CPU
		{5584FC7E-7875-4AB7-8137-48F23ACD2AAE}.Debug|Any CPU.ActiveCfg = Debug|Any CPU
		{5584FC7E-7875-4AB7-8137-48F23ACD2AAE}.Debug|Any CPU.Build.0 = Debug|Any CPU
		{5584FC7E-7875-4AB7-8137-48F23ACD2AAE}.Release|Any CPU.ActiveCfg = Release|Any CPU
		{5584FC7E-7875-4AB7-8137-48F23ACD2AAE}.Release|Any CPU.Build.0 = Release|Any CPU
	EndGlobalSection
	GlobalSection(SolutionProperties) = preSolution
		HideSolutionNode = FALSE
	EndGlobalSection
	GlobalSection(ExtensibilityGlobals) = postSolution
		SolutionGuid = {22CB8B95-4F7A-4C7D-B6CC-A0101F87D9AA}
	EndGlobalSection
EndGlobal
